github.com/soniah/evaler v2.2.0+incompatible h1:0VEcg1WW0PD4eS7JHVSObNw7KYrtNNdtbwKmXpn0+UM=
github.com/soniah/evaler v2.2.0+incompatible/go.mod h1:OTUTRAJQ39oGv6H40xxaG6rr1Yi3TT1w5Z3qg9EgLKE=
github.com/zzzzzzzzzzz0/zhscript-go v0.0.0-20161026160716-e87803a94372 h1:klo1RjF2NvQ5a81TUr02IiFkf9Z+4I6OgJ1zKa8aBpM=
github.com/zzzzzzzzzzz0/zhscript-go v0.0.0-20161026160716-e87803a94372/go.mod h1:3OOyAwzKHqZRHJZU6312b0Td1r5EMdS3MyMVKayyGOM=
